PODS:
  - AFNetworking (3.1.0):
    - AFNetworking/NSURLSession (= 3.1.0)
    - AFNetworking/Reachability (= 3.1.0)
    - AFNetworking/Security (= 3.1.0)
    - AFNetworking/Serialization (= 3.1.0)
    - AFNetworking/UIKit (= 3.1.0)
  - AFNetworking/NSURLSession (3.1.0):
    - AFNetworking/Reachability
    - AFNetworking/Security
    - AFNetworking/Serialization
  - AFNetworking/Reachability (3.1.0)
  - AFNetworking/Security (3.1.0)
  - AFNetworking/Serialization (3.1.0)
  - AFNetworking/UIKit (3.1.0):
    - AFNetworking/NSURLSession
  - BDGCategories (0.0.8)
  - BDGImagePicker (0.0.8)
  - BDGMacros (0.0.16)
  - BDGScreenshot (0.0.2)
  - BDGShare (0.0.11)
  - BDGViews (0.0.1)
  - Blaze (0.0.7):
    - AFNetworking
    - DZNEmptyDataSet
  - DTTJailbreakDetection (0.4.0)
  - DZNEmptyDataSet (1.8.1)
  - HockeySDK (4.0.2):
    - HockeySDK/AllFeaturesLib (= 4.0.2)
  - HockeySDK/AllFeaturesLib (4.0.2)
  - JVFloatLabeledTextField (1.1.1)
  - SVProgressHUD (2.0.3)

DEPENDENCIES:
  - AFNetworking
  - BDGCategories
  - BDGImagePicker
  - BDGMacros
  - BDGScreenshot
  - BDGShare
  - BDGViews
  - Blaze
  - DTTJailbreakDetection
  - HockeySDK
  - JVFloatLabeledTextField
  - SVProgressHUD

SPEC CHECKSUMS:
  AFNetworking: 5e0e199f73d8626b11e79750991f5d173d1f8b67
  BDGCategories: 942fcc34510bd1b8b8ee537020320d76db821a02
  BDGImagePicker: ae29134be1b3c6decdd9005a0f5afbcc79496f6a
  BDGMacros: e2018adfb2fd00c4ab41fbb3bc93c38e5165da92
  BDGScreenshot: f493d124c9935132da9e0ca9e8f2e6be180f7dd5
  BDGShare: 32748bcc08221d403115d68d76f9ee9ed1734883
  BDGViews: db364b96a02d02b8b5aba3f0b3dea798506d683f
  Blaze: 07619a7427be5748c4180ea3ab66beced2bd4c23
  DTTJailbreakDetection: 5e356c5badc17995f65a83ed9483f787a0057b71
  DZNEmptyDataSet: 9525833b9e68ac21c30253e1d3d7076cc828eaa7
  HockeySDK: ebaabf41808b4e4ea85b4d5266d425aef0d19c88
  JVFloatLabeledTextField: 0e5524b097f102036214dd8279edc8ecf08b5e18
  SVProgressHUD: b0830714205bea1317ea1a2ebc71e5633af334d4

PODFILE CHECKSUM: 050cca6cb063b841e715910e6f9d13b5c9124b0b

COCOAPODS: 1.0.1
