PODS:
  - AFNetworking (3.1.0):
    - AFNetworking/NSURLSession (= 3.1.0)
    - AFNetworking/Reachability (= 3.1.0)
    - AFNetworking/Security (= 3.1.0)
    - AFNetworking/Serialization (= 3.1.0)
    - AFNetworking/UIKit (= 3.1.0)
  - AFNetworking/NSURLSession (3.1.0):
    - AFNetworking/Reachability
    - AFNetworking/Security
    - AFNetworking/Serialization
  - AFNetworking/Reachability (3.1.0)
  - AFNetworking/Security (3.1.0)
  - AFNetworking/Serialization (3.1.0)
  - AFNetworking/UIKit (3.1.0):
    - AFNetworking/NSURLSession
  - BDGCategories (0.0.28)
  - BDGImagePicker (0.0.12)
  - BDGMacros (0.0.18)
  - BDGScreenshot (0.0.2)
  - BDGShare (0.0.11)
  - BDGViews (0.0.6)
  - Blaze (1.0.87):
    - AFNetworking
    - BDGImagePicker
  - DTTJailbreakDetection (0.4.0)
  - HockeySDK-Source (4.1.6)
  - SVProgressHUD (2.1.2)

DEPENDENCIES:
  - AFNetworking
  - BDGCategories
  - BDGMacros
  - BDGScreenshot
  - BDGShare
  - BDGViews
  - Blaze
  - DTTJailbreakDetection
  - HockeySDK-Source
  - SVProgressHUD

SPEC CHECKSUMS:
  AFNetworking: 5e0e199f73d8626b11e79750991f5d173d1f8b67
  BDGCategories: cc32a59fa5a34d3155d61026a0aca6269a33b27a
  BDGImagePicker: 86bbb8e55b30af261b161cd019d4055f42ad275b
  BDGMacros: 8d03817ec90f2c028648722f3289569dee4ed73f
  BDGScreenshot: f493d124c9935132da9e0ca9e8f2e6be180f7dd5
  BDGShare: 32748bcc08221d403115d68d76f9ee9ed1734883
  BDGViews: 54bd7ba1e5539411231de91962848bb6b5f5cee9
  Blaze: 4c4e94919712c4124b9aed6b239f08af72751ee6
  DTTJailbreakDetection: 5e356c5badc17995f65a83ed9483f787a0057b71
  HockeySDK-Source: 985425c4dd1599aeb25662fcd93f8861ace721ca
  SVProgressHUD: c404a55d78acbeb7ebb78b76d3faf986475a6994

PODFILE CHECKSUM: 93f8b8a7c84bcf31ece74f1146531f86e602c5e6

COCOAPODS: 1.3.1
