// !$*UTF8*$!
{
	archiveVersion = 1;
	classes = {
	};
	objectVersion = 46;
	objects = {

/* Begin PBXAggregateTarget section */
		ED2E61721C9D79A1000441E4 /* MoGenerator */ = {
			isa = PBXAggregateTarget;
			buildConfigurationList = ED2E61731C9D79A1000441E4 /* Build configuration list for PBXAggregateTarget "MoGenerator" */;
			buildPhases = (
				ED2E61761C9D79DD000441E4 /* ShellScript */,
			);
			dependencies = (
			);
			name = MoGenerator;
			productName = MoGenerator;
		};
/* End PBXAggregateTarget section */

/* Begin PBXBuildFile section */
		A89846031D572349E9BD1A85 /* Pods_Template.framework in Frameworks */ = {isa = PBXBuildFile; fileRef = 80B4D3B7644F90E47A869510 /* Pods_Template.framework */; };
		ED0919BE1C9D7C8D0078C1AA /* Template.xcdatamodeld in Sources */ = {isa = PBXBuildFile; fileRef = ED0919BC1C9D7C8D0078C1AA /* Template.xcdatamodeld */; };
		ED0927841E4478F400A4D2C4 /* UIColor+App.m in Sources */ = {isa = PBXBuildFile; fileRef = ED0927831E4478F400A4D2C4 /* UIColor+App.m */; };
		ED0927931E4482F200A4D2C4 /* BaseViewController.m in Sources */ = {isa = PBXBuildFile; fileRef = ED0927921E4482F200A4D2C4 /* BaseViewController.m */; };
		ED2E612A1C9D7851000441E4 /* main.m in Sources */ = {isa = PBXBuildFile; fileRef = ED2E61291C9D7851000441E4 /* main.m */; };
		ED2E61331C9D7851000441E4 /* Main.storyboard in Resources */ = {isa = PBXBuildFile; fileRef = ED2E61311C9D7851000441E4 /* Main.storyboard */; };
		ED2E61351C9D7851000441E4 /* Assets.xcassets in Resources */ = {isa = PBXBuildFile; fileRef = ED2E61341C9D7851000441E4 /* Assets.xcassets */; };
		ED2E61381C9D7851000441E4 /* Splash.storyboard in Resources */ = {isa = PBXBuildFile; fileRef = ED2E61361C9D7851000441E4 /* Splash.storyboard */; };
		ED2E61541C9D78DB000441E4 /* APIManager.m in Sources */ = {isa = PBXBuildFile; fileRef = ED2E61411C9D78DB000441E4 /* APIManager.m */; };
		ED2E61551C9D78DB000441E4 /* AppData.m in Sources */ = {isa = PBXBuildFile; fileRef = ED2E61441C9D78DB000441E4 /* AppData.m */; };
		ED2E61561C9D78DB000441E4 /* AppAppearance.m in Sources */ = {isa = PBXBuildFile; fileRef = ED2E61471C9D78DB000441E4 /* AppAppearance.m */; };
		ED2E61571C9D78DB000441E4 /* BDGCoreData.m in Sources */ = {isa = PBXBuildFile; fileRef = ED2E614A1C9D78DB000441E4 /* BDGCoreData.m */; };
		ED2E61581C9D78DB000441E4 /* NotificationsManager.m in Sources */ = {isa = PBXBuildFile; fileRef = ED2E614D1C9D78DB000441E4 /* NotificationsManager.m */; };
		ED2E615D1C9D78EA000441E4 /* AppDelegate.m in Sources */ = {isa = PBXBuildFile; fileRef = ED2E615C1C9D78EA000441E4 /* AppDelegate.m */; };
		ED2E61691C9D78F5000441E4 /* Lato-Black.ttf in Resources */ = {isa = PBXBuildFile; fileRef = ED2E615F1C9D78F5000441E4 /* Lato-Black.ttf */; };
		ED2E616A1C9D78F5000441E4 /* Lato-Bold.ttf in Resources */ = {isa = PBXBuildFile; fileRef = ED2E61601C9D78F5000441E4 /* Lato-Bold.ttf */; };
		ED2E616B1C9D78F5000441E4 /* Lato-Italic.ttf in Resources */ = {isa = PBXBuildFile; fileRef = ED2E61611C9D78F5000441E4 /* Lato-Italic.ttf */; };
		ED2E616C1C9D78F5000441E4 /* Lato-Light.ttf in Resources */ = {isa = PBXBuildFile; fileRef = ED2E61621C9D78F5000441E4 /* Lato-Light.ttf */; };
		ED2E616D1C9D78F5000441E4 /* Lato-LightItalic.ttf in Resources */ = {isa = PBXBuildFile; fileRef = ED2E61631C9D78F5000441E4 /* Lato-LightItalic.ttf */; };
		ED2E616E1C9D78F5000441E4 /* Lato-Regular.ttf in Resources */ = {isa = PBXBuildFile; fileRef = ED2E61641C9D78F5000441E4 /* Lato-Regular.ttf */; };
		ED2E616F1C9D78F5000441E4 /* InfoPlist.strings in Resources */ = {isa = PBXBuildFile; fileRef = ED2E61661C9D78F5000441E4 /* InfoPlist.strings */; };
		ED2E61701C9D78F5000441E4 /* Localizable.strings in Resources */ = {isa = PBXBuildFile; fileRef = ED2E61671C9D78F5000441E4 /* Localizable.strings */; };
		ED3ADE6C1D41059000F1D9E9 /* Timer.m in Sources */ = {isa = PBXBuildFile; fileRef = ED3ADE6B1D41059000F1D9E9 /* Timer.m */; };
		ED3ADE6F1D41064100F1D9E9 /* TableHeaderView.xib in Resources */ = {isa = PBXBuildFile; fileRef = ED3ADE6E1D41064100F1D9E9 /* TableHeaderView.xib */; };
		ED3BDAFF1E0C19CF00B230A6 /* _User.m in Sources */ = {isa = PBXBuildFile; fileRef = ED3BDAFC1E0C19CF00B230A6 /* _User.m */; };
		ED3BDB001E0C19CF00B230A6 /* User.m in Sources */ = {isa = PBXBuildFile; fileRef = ED3BDAFE1E0C19CF00B230A6 /* User.m */; };
		ED4103021CEDCCC900F0115E /* ErrorHandler.m in Sources */ = {isa = PBXBuildFile; fileRef = ED4103011CEDCCC900F0115E /* ErrorHandler.m */; };
		ED71D4F51E38EB86004CD9F8 /* SafariServices.framework in Frameworks */ = {isa = PBXBuildFile; fileRef = ED71D4F41E38EB86004CD9F8 /* SafariServices.framework */; };
		EDB001951E7952A60005AA6B /* BaseFetchedTableViewController.m in Sources */ = {isa = PBXBuildFile; fileRef = EDB001941E7952A60005AA6B /* BaseFetchedTableViewController.m */; };
		EDBD398F1D2A89D90015D214 /* ButtonTableViewCell.xib in Resources */ = {isa = PBXBuildFile; fileRef = EDBD39851D2A89D90015D214 /* ButtonTableViewCell.xib */; };
		EDBD39901D2A89D90015D214 /* CenterTextTableViewCell.xib in Resources */ = {isa = PBXBuildFile; fileRef = EDBD39861D2A89D90015D214 /* CenterTextTableViewCell.xib */; };
		EDBD39911D2A89D90015D214 /* CircleImageTableViewCell.xib in Resources */ = {isa = PBXBuildFile; fileRef = EDBD39871D2A89D90015D214 /* CircleImageTableViewCell.xib */; };
		EDBD39921D2A89D90015D214 /* EmptySpaceTableViewCell.xib in Resources */ = {isa = PBXBuildFile; fileRef = EDBD39881D2A89D90015D214 /* EmptySpaceTableViewCell.xib */; };
		EDBD39931D2A89D90015D214 /* FloatTextFieldTableViewCell.xib in Resources */ = {isa = PBXBuildFile; fileRef = EDBD39891D2A89D90015D214 /* FloatTextFieldTableViewCell.xib */; };
		EDBD39941D2A89D90015D214 /* ImageTableViewCell.xib in Resources */ = {isa = PBXBuildFile; fileRef = EDBD398A1D2A89D90015D214 /* ImageTableViewCell.xib */; };
		EDBD39951D2A89D90015D214 /* SmallTextButtonTableViewCell.xib in Resources */ = {isa = PBXBuildFile; fileRef = EDBD398B1D2A89D90015D214 /* SmallTextButtonTableViewCell.xib */; };
		EDBD39961D2A89D90015D214 /* TextButtonTableViewCell.xib in Resources */ = {isa = PBXBuildFile; fileRef = EDBD398C1D2A89D90015D214 /* TextButtonTableViewCell.xib */; };
		EDBD39971D2A89D90015D214 /* TextFieldTableViewCell.xib in Resources */ = {isa = PBXBuildFile; fileRef = EDBD398D1D2A89D90015D214 /* TextFieldTableViewCell.xib */; };
		EDBD39981D2A89D90015D214 /* TextTableViewCell.xib in Resources */ = {isa = PBXBuildFile; fileRef = EDBD398E1D2A89D90015D214 /* TextTableViewCell.xib */; };
		EDD4BE8C1CD8CBD6003B28BA /* BaseTableViewController.m in Sources */ = {isa = PBXBuildFile; fileRef = EDD4BE8B1CD8CBD6003B28BA /* BaseTableViewController.m */; };
		EDD4BE8F1CD8CBE2003B28BA /* ViewController.m in Sources */ = {isa = PBXBuildFile; fileRef = EDD4BE8E1CD8CBE2003B28BA /* ViewController.m */; };
		EDF0E7DE1D4107750036AEDA /* CheckboxTableViewCell.xib in Resources */ = {isa = PBXBuildFile; fileRef = EDF0E7DB1D4107750036AEDA /* CheckboxTableViewCell.xib */; };
		EDF0E7DF1D4107750036AEDA /* SwitchTableViewCell.xib in Resources */ = {isa = PBXBuildFile; fileRef = EDF0E7DC1D4107750036AEDA /* SwitchTableViewCell.xib */; };
		EDF0E7E01D4107750036AEDA /* TextViewTableViewCell.xib in Resources */ = {isa = PBXBuildFile; fileRef = EDF0E7DD1D4107750036AEDA /* TextViewTableViewCell.xib */; };
/* End PBXBuildFile section */

/* Begin PBXFileReference section */
		1A3D50DB71DC95641D081AA1 /* Pods-Template.release.xcconfig */ = {isa = PBXFileReference; includeInIndex = 1; lastKnownFileType = text.xcconfig; name = "Pods-Template.release.xcconfig"; path = "Pods/Target Support Files/Pods-Template/Pods-Template.release.xcconfig"; sourceTree = "<group>"; };
		3F82845839B5DEC9B032B332 /* Pods-Template.appstore.xcconfig */ = {isa = PBXFileReference; includeInIndex = 1; lastKnownFileType = text.xcconfig; name = "Pods-Template.appstore.xcconfig"; path = "Pods/Target Support Files/Pods-Template/Pods-Template.appstore.xcconfig"; sourceTree = "<group>"; };
		80B4D3B7644F90E47A869510 /* Pods_Template.framework */ = {isa = PBXFileReference; explicitFileType = wrapper.framework; includeInIndex = 0; path = Pods_Template.framework; sourceTree = BUILT_PRODUCTS_DIR; };
		9FDC0EFCDDA3494102FBF166 /* Pods-Template.debug.xcconfig */ = {isa = PBXFileReference; includeInIndex = 1; lastKnownFileType = text.xcconfig; name = "Pods-Template.debug.xcconfig"; path = "Pods/Target Support Files/Pods-Template/Pods-Template.debug.xcconfig"; sourceTree = "<group>"; };
		ED0919B91C9D7B960078C1AA /* Constants.h */ = {isa = PBXFileReference; fileEncoding = 4; lastKnownFileType = sourcecode.c.h; name = Constants.h; path = Constants/Constants.h; sourceTree = "<group>"; };
		ED0919BA1C9D7B960078C1AA /* Enums.h */ = {isa = PBXFileReference; fileEncoding = 4; lastKnownFileType = sourcecode.c.h; name = Enums.h; path = Constants/Enums.h; sourceTree = "<group>"; };
		ED0919BD1C9D7C8D0078C1AA /* Template.xcdatamodel */ = {isa = PBXFileReference; lastKnownFileType = wrapper.xcdatamodel; path = Template.xcdatamodel; sourceTree = "<group>"; };
		ED0927821E4478F400A4D2C4 /* UIColor+App.h */ = {isa = PBXFileReference; fileEncoding = 4; lastKnownFileType = sourcecode.c.h; name = "UIColor+App.h"; path = "Source/Categories/UIColor+App.h"; sourceTree = SOURCE_ROOT; };
		ED0927831E4478F400A4D2C4 /* UIColor+App.m */ = {isa = PBXFileReference; fileEncoding = 4; lastKnownFileType = sourcecode.c.objc; name = "UIColor+App.m"; path = "Source/Categories/UIColor+App.m"; sourceTree = SOURCE_ROOT; };
		ED0927911E4482F200A4D2C4 /* BaseViewController.h */ = {isa = PBXFileReference; fileEncoding = 4; lastKnownFileType = sourcecode.c.h; name = BaseViewController.h; path = ViewControllers/BaseViewController.h; sourceTree = "<group>"; };
		ED0927921E4482F200A4D2C4 /* BaseViewController.m */ = {isa = PBXFileReference; fileEncoding = 4; lastKnownFileType = sourcecode.c.objc; name = BaseViewController.m; path = ViewControllers/BaseViewController.m; sourceTree = "<group>"; };
		ED2E61251C9D7851000441E4 /* Template.app */ = {isa = PBXFileReference; explicitFileType = wrapper.application; includeInIndex = 0; path = Template.app; sourceTree = BUILT_PRODUCTS_DIR; };
		ED2E61291C9D7851000441E4 /* main.m */ = {isa = PBXFileReference; lastKnownFileType = sourcecode.c.objc; path = main.m; sourceTree = "<group>"; };
		ED2E61321C9D7851000441E4 /* Base */ = {isa = PBXFileReference; lastKnownFileType = file.storyboard; name = Base; path = Base.lproj/Main.storyboard; sourceTree = "<group>"; };
		ED2E61341C9D7851000441E4 /* Assets.xcassets */ = {isa = PBXFileReference; lastKnownFileType = folder.assetcatalog; path = Assets.xcassets; sourceTree = "<group>"; };
		ED2E61371C9D7851000441E4 /* Base */ = {isa = PBXFileReference; lastKnownFileType = file.storyboard; name = Base; path = Base.lproj/Splash.storyboard; sourceTree = "<group>"; };
		ED2E61401C9D78DB000441E4 /* APIManager.h */ = {isa = PBXFileReference; fileEncoding = 4; lastKnownFileType = sourcecode.c.h; path = APIManager.h; sourceTree = "<group>"; };
		ED2E61411C9D78DB000441E4 /* APIManager.m */ = {isa = PBXFileReference; fileEncoding = 4; lastKnownFileType = sourcecode.c.objc; path = APIManager.m; sourceTree = "<group>"; };
		ED2E61431C9D78DB000441E4 /* AppData.h */ = {isa = PBXFileReference; fileEncoding = 4; lastKnownFileType = sourcecode.c.h; path = AppData.h; sourceTree = "<group>"; };
		ED2E61441C9D78DB000441E4 /* AppData.m */ = {isa = PBXFileReference; fileEncoding = 4; lastKnownFileType = sourcecode.c.objc; path = AppData.m; sourceTree = "<group>"; };
		ED2E61461C9D78DB000441E4 /* AppAppearance.h */ = {isa = PBXFileReference; fileEncoding = 4; lastKnownFileType = sourcecode.c.h; path = AppAppearance.h; sourceTree = "<group>"; };
		ED2E61471C9D78DB000441E4 /* AppAppearance.m */ = {isa = PBXFileReference; fileEncoding = 4; lastKnownFileType = sourcecode.c.objc; path = AppAppearance.m; sourceTree = "<group>"; };
		ED2E61491C9D78DB000441E4 /* BDGCoreData.h */ = {isa = PBXFileReference; fileEncoding = 4; lastKnownFileType = sourcecode.c.h; path = BDGCoreData.h; sourceTree = "<group>"; };
		ED2E614A1C9D78DB000441E4 /* BDGCoreData.m */ = {isa = PBXFileReference; fileEncoding = 4; lastKnownFileType = sourcecode.c.objc; path = BDGCoreData.m; sourceTree = "<group>"; };
		ED2E614C1C9D78DB000441E4 /* NotificationsManager.h */ = {isa = PBXFileReference; fileEncoding = 4; lastKnownFileType = sourcecode.c.h; path = NotificationsManager.h; sourceTree = "<group>"; };
		ED2E614D1C9D78DB000441E4 /* NotificationsManager.m */ = {isa = PBXFileReference; fileEncoding = 4; lastKnownFileType = sourcecode.c.objc; path = NotificationsManager.m; sourceTree = "<group>"; };
		ED2E615B1C9D78EA000441E4 /* AppDelegate.h */ = {isa = PBXFileReference; fileEncoding = 4; lastKnownFileType = sourcecode.c.h; path = AppDelegate.h; sourceTree = "<group>"; };
		ED2E615C1C9D78EA000441E4 /* AppDelegate.m */ = {isa = PBXFileReference; fileEncoding = 4; lastKnownFileType = sourcecode.c.objc; path = AppDelegate.m; sourceTree = "<group>"; };
		ED2E615F1C9D78F5000441E4 /* Lato-Black.ttf */ = {isa = PBXFileReference; lastKnownFileType = file; path = "Lato-Black.ttf"; sourceTree = "<group>"; };
		ED2E61601C9D78F5000441E4 /* Lato-Bold.ttf */ = {isa = PBXFileReference; lastKnownFileType = file; path = "Lato-Bold.ttf"; sourceTree = "<group>"; };
		ED2E61611C9D78F5000441E4 /* Lato-Italic.ttf */ = {isa = PBXFileReference; lastKnownFileType = file; path = "Lato-Italic.ttf"; sourceTree = "<group>"; };
		ED2E61621C9D78F5000441E4 /* Lato-Light.ttf */ = {isa = PBXFileReference; lastKnownFileType = file; path = "Lato-Light.ttf"; sourceTree = "<group>"; };
		ED2E61631C9D78F5000441E4 /* Lato-LightItalic.ttf */ = {isa = PBXFileReference; lastKnownFileType = file; path = "Lato-LightItalic.ttf"; sourceTree = "<group>"; };
		ED2E61641C9D78F5000441E4 /* Lato-Regular.ttf */ = {isa = PBXFileReference; lastKnownFileType = file; path = "Lato-Regular.ttf"; sourceTree = "<group>"; };
		ED2E61661C9D78F5000441E4 /* InfoPlist.strings */ = {isa = PBXFileReference; fileEncoding = 4; lastKnownFileType = text.plist.strings; path = InfoPlist.strings; sourceTree = "<group>"; };
		ED2E61671C9D78F5000441E4 /* Localizable.strings */ = {isa = PBXFileReference; fileEncoding = 4; lastKnownFileType = text.plist.strings; path = Localizable.strings; sourceTree = "<group>"; };
		ED3ADE6A1D41059000F1D9E9 /* Timer.h */ = {isa = PBXFileReference; fileEncoding = 4; lastKnownFileType = sourcecode.c.h; path = Timer.h; sourceTree = "<group>"; };
		ED3ADE6B1D41059000F1D9E9 /* Timer.m */ = {isa = PBXFileReference; fileEncoding = 4; lastKnownFileType = sourcecode.c.objc; path = Timer.m; sourceTree = "<group>"; };
		ED3ADE6E1D41064100F1D9E9 /* TableHeaderView.xib */ = {isa = PBXFileReference; fileEncoding = 4; lastKnownFileType = file.xib; name = TableHeaderView.xib; path = TableHeaderFooterViews/TableHeaderView.xib; sourceTree = "<group>"; };
		ED3BDAFB1E0C19CF00B230A6 /* _User.h */ = {isa = PBXFileReference; fileEncoding = 4; lastKnownFileType = sourcecode.c.h; path = _User.h; sourceTree = "<group>"; };
		ED3BDAFC1E0C19CF00B230A6 /* _User.m */ = {isa = PBXFileReference; fileEncoding = 4; lastKnownFileType = sourcecode.c.objc; path = _User.m; sourceTree = "<group>"; };
		ED3BDAFD1E0C19CF00B230A6 /* User.h */ = {isa = PBXFileReference; fileEncoding = 4; lastKnownFileType = sourcecode.c.h; path = User.h; sourceTree = "<group>"; };
		ED3BDAFE1E0C19CF00B230A6 /* User.m */ = {isa = PBXFileReference; fileEncoding = 4; lastKnownFileType = sourcecode.c.objc; path = User.m; sourceTree = "<group>"; };
		ED4103001CEDCCC900F0115E /* ErrorHandler.h */ = {isa = PBXFileReference; fileEncoding = 4; lastKnownFileType = sourcecode.c.h; path = ErrorHandler.h; sourceTree = "<group>"; };
		ED4103011CEDCCC900F0115E /* ErrorHandler.m */ = {isa = PBXFileReference; fileEncoding = 4; lastKnownFileType = sourcecode.c.objc; path = ErrorHandler.m; sourceTree = "<group>"; };
		ED71D4F41E38EB86004CD9F8 /* SafariServices.framework */ = {isa = PBXFileReference; lastKnownFileType = wrapper.framework; name = SafariServices.framework; path = System/Library/Frameworks/SafariServices.framework; sourceTree = SDKROOT; };
		EDB001931E7952A60005AA6B /* BaseFetchedTableViewController.h */ = {isa = PBXFileReference; fileEncoding = 4; lastKnownFileType = sourcecode.c.h; name = BaseFetchedTableViewController.h; path = ViewControllers/BaseFetchedTableViewController.h; sourceTree = "<group>"; };
		EDB001941E7952A60005AA6B /* BaseFetchedTableViewController.m */ = {isa = PBXFileReference; fileEncoding = 4; lastKnownFileType = sourcecode.c.objc; name = BaseFetchedTableViewController.m; path = ViewControllers/BaseFetchedTableViewController.m; sourceTree = "<group>"; };
		EDBD39851D2A89D90015D214 /* ButtonTableViewCell.xib */ = {isa = PBXFileReference; fileEncoding = 4; lastKnownFileType = file.xib; name = ButtonTableViewCell.xib; path = TableViewCells/ButtonTableViewCell.xib; sourceTree = "<group>"; };
		EDBD39861D2A89D90015D214 /* CenterTextTableViewCell.xib */ = {isa = PBXFileReference; fileEncoding = 4; lastKnownFileType = file.xib; name = CenterTextTableViewCell.xib; path = TableViewCells/CenterTextTableViewCell.xib; sourceTree = "<group>"; };
		EDBD39871D2A89D90015D214 /* CircleImageTableViewCell.xib */ = {isa = PBXFileReference; fileEncoding = 4; lastKnownFileType = file.xib; name = CircleImageTableViewCell.xib; path = TableViewCells/CircleImageTableViewCell.xib; sourceTree = "<group>"; };
		EDBD39881D2A89D90015D214 /* EmptySpaceTableViewCell.xib */ = {isa = PBXFileReference; fileEncoding = 4; lastKnownFileType = file.xib; name = EmptySpaceTableViewCell.xib; path = TableViewCells/EmptySpaceTableViewCell.xib; sourceTree = "<group>"; };
		EDBD39891D2A89D90015D214 /* FloatTextFieldTableViewCell.xib */ = {isa = PBXFileReference; fileEncoding = 4; lastKnownFileType = file.xib; name = FloatTextFieldTableViewCell.xib; path = TableViewCells/FloatTextFieldTableViewCell.xib; sourceTree = "<group>"; };
		EDBD398A1D2A89D90015D214 /* ImageTableViewCell.xib */ = {isa = PBXFileReference; fileEncoding = 4; lastKnownFileType = file.xib; name = ImageTableViewCell.xib; path = TableViewCells/ImageTableViewCell.xib; sourceTree = "<group>"; };
		EDBD398B1D2A89D90015D214 /* SmallTextButtonTableViewCell.xib */ = {isa = PBXFileReference; fileEncoding = 4; lastKnownFileType = file.xib; name = SmallTextButtonTableViewCell.xib; path = TableViewCells/SmallTextButtonTableViewCell.xib; sourceTree = "<group>"; };
		EDBD398C1D2A89D90015D214 /* TextButtonTableViewCell.xib */ = {isa = PBXFileReference; fileEncoding = 4; lastKnownFileType = file.xib; name = TextButtonTableViewCell.xib; path = TableViewCells/TextButtonTableViewCell.xib; sourceTree = "<group>"; };
		EDBD398D1D2A89D90015D214 /* TextFieldTableViewCell.xib */ = {isa = PBXFileReference; fileEncoding = 4; lastKnownFileType = file.xib; name = TextFieldTableViewCell.xib; path = TableViewCells/TextFieldTableViewCell.xib; sourceTree = "<group>"; };
		EDBD398E1D2A89D90015D214 /* TextTableViewCell.xib */ = {isa = PBXFileReference; fileEncoding = 4; lastKnownFileType = file.xib; name = TextTableViewCell.xib; path = TableViewCells/TextTableViewCell.xib; sourceTree = "<group>"; };
		EDD4BE8A1CD8CBD6003B28BA /* BaseTableViewController.h */ = {isa = PBXFileReference; fileEncoding = 4; lastKnownFileType = sourcecode.c.h; name = BaseTableViewController.h; path = ViewControllers/BaseTableViewController.h; sourceTree = "<group>"; };
		EDD4BE8B1CD8CBD6003B28BA /* BaseTableViewController.m */ = {isa = PBXFileReference; fileEncoding = 4; lastKnownFileType = sourcecode.c.objc; name = BaseTableViewController.m; path = ViewControllers/BaseTableViewController.m; sourceTree = "<group>"; };
		EDD4BE8D1CD8CBE2003B28BA /* ViewController.h */ = {isa = PBXFileReference; fileEncoding = 4; lastKnownFileType = sourcecode.c.h; path = ViewController.h; sourceTree = "<group>"; };
		EDD4BE8E1CD8CBE2003B28BA /* ViewController.m */ = {isa = PBXFileReference; fileEncoding = 4; lastKnownFileType = sourcecode.c.objc; path = ViewController.m; sourceTree = "<group>"; };
		EDF0E7DB1D4107750036AEDA /* CheckboxTableViewCell.xib */ = {isa = PBXFileReference; fileEncoding = 4; lastKnownFileType = file.xib; name = CheckboxTableViewCell.xib; path = TableViewCells/CheckboxTableViewCell.xib; sourceTree = "<group>"; };
		EDF0E7DC1D4107750036AEDA /* SwitchTableViewCell.xib */ = {isa = PBXFileReference; fileEncoding = 4; lastKnownFileType = file.xib; name = SwitchTableViewCell.xib; path = TableViewCells/SwitchTableViewCell.xib; sourceTree = "<group>"; };
		EDF0E7DD1D4107750036AEDA /* TextViewTableViewCell.xib */ = {isa = PBXFileReference; fileEncoding = 4; lastKnownFileType = file.xib; name = TextViewTableViewCell.xib; path = TableViewCells/TextViewTableViewCell.xib; sourceTree = "<group>"; };
/* End PBXFileReference section */

/* Begin PBXFrameworksBuildPhase section */
		ED2E61221C9D7851000441E4 /* Frameworks */ = {
			isa = PBXFrameworksBuildPhase;
			buildActionMask = 2147483647;
			files = (
				ED71D4F51E38EB86004CD9F8 /* SafariServices.framework in Frameworks */,
				A89846031D572349E9BD1A85 /* Pods_Template.framework in Frameworks */,
			);
			runOnlyForDeploymentPostprocessing = 0;
		};
/* End PBXFrameworksBuildPhase section */

/* Begin PBXGroup section */
		0D41631BF19B9244F4F17AF5 /* Pods */ = {
			isa = PBXGroup;
			children = (
				9FDC0EFCDDA3494102FBF166 /* Pods-Template.debug.xcconfig */,
				1A3D50DB71DC95641D081AA1 /* Pods-Template.release.xcconfig */,
				3F82845839B5DEC9B032B332 /* Pods-Template.appstore.xcconfig */,
			);
			name = Pods;
			sourceTree = "<group>";
		};
		84DAA7110F2F41F4CB599650 /* Frameworks */ = {
			isa = PBXGroup;
			children = (
				ED71D4F41E38EB86004CD9F8 /* SafariServices.framework */,
				80B4D3B7644F90E47A869510 /* Pods_Template.framework */,
			);
			name = Frameworks;
			sourceTree = "<group>";
		};
		ED0919BB1C9D7BE90078C1AA /* MoGenerated */ = {
			isa = PBXGroup;
			children = (
				ED3BDAFB1E0C19CF00B230A6 /* _User.h */,
				ED3BDAFC1E0C19CF00B230A6 /* _User.m */,
			);
			name = MoGenerated;
			sourceTree = "<group>";
		};
		ED2E611C1C9D7851000441E4 = {
			isa = PBXGroup;
			children = (
				ED2E61271C9D7851000441E4 /* Source */,
				ED2E61261C9D7851000441E4 /* Products */,
				0D41631BF19B9244F4F17AF5 /* Pods */,
				84DAA7110F2F41F4CB599650 /* Frameworks */,
			);
			sourceTree = "<group>";
		};
		ED2E61261C9D7851000441E4 /* Products */ = {
			isa = PBXGroup;
			children = (
				ED2E61251C9D7851000441E4 /* Template.app */,
			);
			name = Products;
			sourceTree = "<group>";
		};
		ED2E61271C9D7851000441E4 /* Source */ = {
			isa = PBXGroup;
			children = (
				ED0919BA1C9D7B960078C1AA /* Enums.h */,
				ED0919B91C9D7B960078C1AA /* Constants.h */,
				ED2E613F1C9D78DB000441E4 /* API */,
				ED3ADE691D41059000F1D9E9 /* Timer */,
				ED2E61481C9D78DB000441E4 /* Model */,
				ED3BDB021E0C1AA900B230A6 /* Views */,
				ED3A82B01D2A8760000DC75B /* Objects */,
				ED2E61421C9D78DB000441E4 /* AppData */,
				ED2E61451C9D78DB000441E4 /* Appearance */,
				ED2E614B1C9D78DB000441E4 /* Notifications */,
				ED2E614E1C9D78DB000441E4 /* ViewControllers */,
				ED2E61711C9D7904000441E4 /* Storyboards */,
				ED2E615A1C9D78EA000441E4 /* AppDelegate */,
				ED2E61281C9D7851000441E4 /* Supporting Files */,
			);
			path = Source;
			sourceTree = "<group>";
		};
		ED2E61281C9D7851000441E4 /* Supporting Files */ = {
			isa = PBXGroup;
			children = (
				ED2E61341C9D7851000441E4 /* Assets.xcassets */,
				ED2E615E1C9D78F5000441E4 /* Fonts */,
				ED2E61651C9D78F5000441E4 /* Languages */,
				ED2E61681C9D78F5000441E4 /* Libs */,
				ED2E61291C9D7851000441E4 /* main.m */,
			);
			name = "Supporting Files";
			sourceTree = "<group>";
		};
		ED2E613F1C9D78DB000441E4 /* API */ = {
			isa = PBXGroup;
			children = (
				ED2E61401C9D78DB000441E4 /* APIManager.h */,
				ED2E61411C9D78DB000441E4 /* APIManager.m */,
				ED4103001CEDCCC900F0115E /* ErrorHandler.h */,
				ED4103011CEDCCC900F0115E /* ErrorHandler.m */,
			);
			path = API;
			sourceTree = "<group>";
		};
		ED2E61421C9D78DB000441E4 /* AppData */ = {
			isa = PBXGroup;
			children = (
				ED2E61431C9D78DB000441E4 /* AppData.h */,
				ED2E61441C9D78DB000441E4 /* AppData.m */,
			);
			path = AppData;
			sourceTree = "<group>";
		};
		ED2E61451C9D78DB000441E4 /* Appearance */ = {
			isa = PBXGroup;
			children = (
				ED0927821E4478F400A4D2C4 /* UIColor+App.h */,
				ED0927831E4478F400A4D2C4 /* UIColor+App.m */,
				ED2E61461C9D78DB000441E4 /* AppAppearance.h */,
				ED2E61471C9D78DB000441E4 /* AppAppearance.m */,
			);
			path = Appearance;
			sourceTree = "<group>";
		};
		ED2E61481C9D78DB000441E4 /* Model */ = {
			isa = PBXGroup;
			children = (
				ED0919BC1C9D7C8D0078C1AA /* Template.xcdatamodeld */,
				ED3BDAFD1E0C19CF00B230A6 /* User.h */,
				ED3BDAFE1E0C19CF00B230A6 /* User.m */,
				ED2E61491C9D78DB000441E4 /* BDGCoreData.h */,
				ED2E614A1C9D78DB000441E4 /* BDGCoreData.m */,
				ED0919BB1C9D7BE90078C1AA /* MoGenerated */,
			);
			path = Model;
			sourceTree = "<group>";
		};
		ED2E614B1C9D78DB000441E4 /* Notifications */ = {
			isa = PBXGroup;
			children = (
				ED2E614C1C9D78DB000441E4 /* NotificationsManager.h */,
				ED2E614D1C9D78DB000441E4 /* NotificationsManager.m */,
			);
			path = Notifications;
			sourceTree = "<group>";
		};
		ED2E614E1C9D78DB000441E4 /* ViewControllers */ = {
			isa = PBXGroup;
			children = (
				EDD4BE891CD8CBBA003B28BA /* General */,
				ED2E61531C9D78DB000441E4 /* Signin */,
			);
			name = ViewControllers;
			path = UserInterface;
			sourceTree = "<group>";
		};
		ED2E61531C9D78DB000441E4 /* Signin */ = {
			isa = PBXGroup;
			children = (
				EDD4BE8D1CD8CBE2003B28BA /* ViewController.h */,
				EDD4BE8E1CD8CBE2003B28BA /* ViewController.m */,
			);
			name = Signin;
			path = ViewControllers;
			sourceTree = "<group>";
		};
		ED2E615A1C9D78EA000441E4 /* AppDelegate */ = {
			isa = PBXGroup;
			children = (
				ED2E615B1C9D78EA000441E4 /* AppDelegate.h */,
				ED2E615C1C9D78EA000441E4 /* AppDelegate.m */,
			);
			path = AppDelegate;
			sourceTree = "<group>";
		};
		ED2E615E1C9D78F5000441E4 /* Fonts */ = {
			isa = PBXGroup;
			children = (
				ED2E615F1C9D78F5000441E4 /* Lato-Black.ttf */,
				ED2E61601C9D78F5000441E4 /* Lato-Bold.ttf */,
				ED2E61611C9D78F5000441E4 /* Lato-Italic.ttf */,
				ED2E61621C9D78F5000441E4 /* Lato-Light.ttf */,
				ED2E61631C9D78F5000441E4 /* Lato-LightItalic.ttf */,
				ED2E61641C9D78F5000441E4 /* Lato-Regular.ttf */,
			);
			name = Fonts;
			path = Resources/Fonts;
			sourceTree = "<group>";
		};
		ED2E61651C9D78F5000441E4 /* Languages */ = {
			isa = PBXGroup;
			children = (
				ED2E61661C9D78F5000441E4 /* InfoPlist.strings */,
				ED2E61671C9D78F5000441E4 /* Localizable.strings */,
			);
			name = Languages;
			path = Resources/Languages;
			sourceTree = "<group>";
		};
		ED2E61681C9D78F5000441E4 /* Libs */ = {
			isa = PBXGroup;
			children = (
			);
			name = Libs;
			path = Resources/Libs;
			sourceTree = "<group>";
		};
		ED2E61711C9D7904000441E4 /* Storyboards */ = {
			isa = PBXGroup;
			children = (
				ED2E61311C9D7851000441E4 /* Main.storyboard */,
				ED2E61361C9D7851000441E4 /* Splash.storyboard */,
			);
			name = Storyboards;
			sourceTree = "<group>";
		};
		ED3A82B01D2A8760000DC75B /* Objects */ = {
			isa = PBXGroup;
			children = (
			);
			path = Objects;
			sourceTree = "<group>";
		};
		ED3ADE691D41059000F1D9E9 /* Timer */ = {
			isa = PBXGroup;
			children = (
				ED3ADE6A1D41059000F1D9E9 /* Timer.h */,
				ED3ADE6B1D41059000F1D9E9 /* Timer.m */,
			);
			path = Timer;
			sourceTree = "<group>";
		};
		ED3ADE6D1D41063400F1D9E9 /* TableHeaderFooterViews */ = {
			isa = PBXGroup;
			children = (
				ED3ADE6E1D41064100F1D9E9 /* TableHeaderView.xib */,
			);
			name = TableHeaderFooterViews;
			sourceTree = "<group>";
		};
		ED3BDB021E0C1AA900B230A6 /* Views */ = {
			isa = PBXGroup;
			children = (
			);
			path = Views;
			sourceTree = "<group>";
		};
		ED7301E21CB2ADFD00FA5824 /* TableViewCells */ = {
			isa = PBXGroup;
			children = (
				EDBD398E1D2A89D90015D214 /* TextTableViewCell.xib */,
				EDBD398A1D2A89D90015D214 /* ImageTableViewCell.xib */,
				EDBD39851D2A89D90015D214 /* ButtonTableViewCell.xib */,
				EDF0E7DC1D4107750036AEDA /* SwitchTableViewCell.xib */,
				EDF0E7DD1D4107750036AEDA /* TextViewTableViewCell.xib */,
				EDBD398D1D2A89D90015D214 /* TextFieldTableViewCell.xib */,
				EDF0E7DB1D4107750036AEDA /* CheckboxTableViewCell.xib */,
				EDBD39861D2A89D90015D214 /* CenterTextTableViewCell.xib */,
				EDBD39881D2A89D90015D214 /* EmptySpaceTableViewCell.xib */,
				EDBD398C1D2A89D90015D214 /* TextButtonTableViewCell.xib */,
				EDBD39871D2A89D90015D214 /* CircleImageTableViewCell.xib */,
				EDBD39891D2A89D90015D214 /* FloatTextFieldTableViewCell.xib */,
				EDBD398B1D2A89D90015D214 /* SmallTextButtonTableViewCell.xib */,
			);
			name = TableViewCells;
			sourceTree = "<group>";
		};
		EDD4BE891CD8CBBA003B28BA /* General */ = {
			isa = PBXGroup;
			children = (
				ED3ADE6D1D41063400F1D9E9 /* TableHeaderFooterViews */,
				ED7301E21CB2ADFD00FA5824 /* TableViewCells */,
				ED0927911E4482F200A4D2C4 /* BaseViewController.h */,
				ED0927921E4482F200A4D2C4 /* BaseViewController.m */,
				EDD4BE8A1CD8CBD6003B28BA /* BaseTableViewController.h */,
				EDD4BE8B1CD8CBD6003B28BA /* BaseTableViewController.m */,
				EDB001931E7952A60005AA6B /* BaseFetchedTableViewController.h */,
				EDB001941E7952A60005AA6B /* BaseFetchedTableViewController.m */,
			);
			name = General;
			sourceTree = "<group>";
		};
/* End PBXGroup section */

/* Begin PBXNativeTarget section */
		ED2E61241C9D7851000441E4 /* Template */ = {
			isa = PBXNativeTarget;
			buildConfigurationList = ED2E613C1C9D7851000441E4 /* Build configuration list for PBXNativeTarget "Template" */;
			buildPhases = (
				BAAA1C0D061FBB220BEC0868 /* [CP] Check Pods Manifest.lock */,
				ED2E61211C9D7851000441E4 /* Sources */,
				ED2E61221C9D7851000441E4 /* Frameworks */,
				ED2E61231C9D7851000441E4 /* Resources */,
				1968C915F4BA760F796F1749 /* [CP] Embed Pods Frameworks */,
				C1EEF7370733FBAC80878AEE /* [CP] Copy Pods Resources */,
				EDC7EA0F1DEC30AF0047102C /* Icon Buildnumber */,
			);
			buildRules = (
			);
			dependencies = (
			);
			name = Template;
			productName = Template;
			productReference = ED2E61251C9D7851000441E4 /* Template.app */;
			productType = "com.apple.product-type.application";
		};
/* End PBXNativeTarget section */

/* Begin PBXProject section */
		ED2E611D1C9D7851000441E4 /* Project object */ = {
			isa = PBXProject;
			attributes = {
				LastUpgradeCheck = 0800;
				ORGANIZATIONNAME = GraafICT;
				TargetAttributes = {
					ED2E61241C9D7851000441E4 = {
						CreatedOnToolsVersion = 7.2.1;
						ProvisioningStyle = Manual;
					};
					ED2E61721C9D79A1000441E4 = {
						CreatedOnToolsVersion = 7.2.1;
					};
				};
			};
			buildConfigurationList = ED2E61201C9D7851000441E4 /* Build configuration list for PBXProject "Template" */;
			compatibilityVersion = "Xcode 3.2";
			developmentRegion = English;
			hasScannedForEncodings = 0;
			knownRegions = (
				en,
				Base,
			);
			mainGroup = ED2E611C1C9D7851000441E4;
			productRefGroup = ED2E61261C9D7851000441E4 /* Products */;
			projectDirPath = "";
			projectRoot = "";
			targets = (
				ED2E61241C9D7851000441E4 /* Template */,
				ED2E61721C9D79A1000441E4 /* MoGenerator */,
			);
		};
/* End PBXProject section */

/* Begin PBXResourcesBuildPhase section */
		ED2E61231C9D7851000441E4 /* Resources */ = {
			isa = PBXResourcesBuildPhase;
			buildActionMask = 2147483647;
			files = (
				ED3ADE6F1D41064100F1D9E9 /* TableHeaderView.xib in Resources */,
				ED2E61691C9D78F5000441E4 /* Lato-Black.ttf in Resources */,
				ED2E616A1C9D78F5000441E4 /* Lato-Bold.ttf in Resources */,
				EDBD39981D2A89D90015D214 /* TextTableViewCell.xib in Resources */,
				EDBD39951D2A89D90015D214 /* SmallTextButtonTableViewCell.xib in Resources */,
				EDBD39931D2A89D90015D214 /* FloatTextFieldTableViewCell.xib in Resources */,
				ED2E61701C9D78F5000441E4 /* Localizable.strings in Resources */,
				ED2E61381C9D7851000441E4 /* Splash.storyboard in Resources */,
				EDF0E7DE1D4107750036AEDA /* CheckboxTableViewCell.xib in Resources */,
				ED2E616D1C9D78F5000441E4 /* Lato-LightItalic.ttf in Resources */,
				EDBD39971D2A89D90015D214 /* TextFieldTableViewCell.xib in Resources */,
				ED2E616E1C9D78F5000441E4 /* Lato-Regular.ttf in Resources */,
				EDBD39941D2A89D90015D214 /* ImageTableViewCell.xib in Resources */,
				ED2E61351C9D7851000441E4 /* Assets.xcassets in Resources */,
				EDBD39911D2A89D90015D214 /* CircleImageTableViewCell.xib in Resources */,
				EDBD398F1D2A89D90015D214 /* ButtonTableViewCell.xib in Resources */,
				EDF0E7E01D4107750036AEDA /* TextViewTableViewCell.xib in Resources */,
				EDBD39901D2A89D90015D214 /* CenterTextTableViewCell.xib in Resources */,
				ED2E616B1C9D78F5000441E4 /* Lato-Italic.ttf in Resources */,
				EDBD39921D2A89D90015D214 /* EmptySpaceTableViewCell.xib in Resources */,
				ED2E61331C9D7851000441E4 /* Main.storyboard in Resources */,
				ED2E616C1C9D78F5000441E4 /* Lato-Light.ttf in Resources */,
				EDF0E7DF1D4107750036AEDA /* SwitchTableViewCell.xib in Resources */,
				EDBD39961D2A89D90015D214 /* TextButtonTableViewCell.xib in Resources */,
				ED2E616F1C9D78F5000441E4 /* InfoPlist.strings in Resources */,
			);
			runOnlyForDeploymentPostprocessing = 0;
		};
/* End PBXResourcesBuildPhase section */

/* Begin PBXShellScriptBuildPhase section */
		1968C915F4BA760F796F1749 /* [CP] Embed Pods Frameworks */ = {
			isa = PBXShellScriptBuildPhase;
			buildActionMask = 2147483647;
			files = (
			);
			inputPaths = (
				"${SRCROOT}/Pods/Target Support Files/Pods-Template/Pods-Template-frameworks.sh",
				"${BUILT_PRODUCTS_DIR}/AFNetworking/AFNetworking.framework",
				"${BUILT_PRODUCTS_DIR}/BDGCategories/BDGCategories.framework",
				"${BUILT_PRODUCTS_DIR}/BDGImagePicker/BDGImagePicker.framework",
				"${BUILT_PRODUCTS_DIR}/BDGScreenshot/BDGScreenshot.framework",
				"${BUILT_PRODUCTS_DIR}/BDGShare/BDGShare.framework",
				"${BUILT_PRODUCTS_DIR}/BDGViews/BDGViews.framework",
				"${BUILT_PRODUCTS_DIR}/Blaze/Blaze.framework",
				"${BUILT_PRODUCTS_DIR}/DTTJailbreakDetection/DTTJailbreakDetection.framework",
				"${BUILT_PRODUCTS_DIR}/HockeySDK-Source/HockeySDK_Source.framework",
				"${BUILT_PRODUCTS_DIR}/SVProgressHUD/SVProgressHUD.framework",
			);
			name = "[CP] Embed Pods Frameworks";
			outputPaths = (
				"${TARGET_BUILD_DIR}/${FRAMEWORKS_FOLDER_PATH}/AFNetworking.framework",
				"${TARGET_BUILD_DIR}/${FRAMEWORKS_FOLDER_PATH}/BDGCategories.framework",
				"${TARGET_BUILD_DIR}/${FRAMEWORKS_FOLDER_PATH}/BDGImagePicker.framework",
				"${TARGET_BUILD_DIR}/${FRAMEWORKS_FOLDER_PATH}/BDGScreenshot.framework",
				"${TARGET_BUILD_DIR}/${FRAMEWORKS_FOLDER_PATH}/BDGShare.framework",
				"${TARGET_BUILD_DIR}/${FRAMEWORKS_FOLDER_PATH}/BDGViews.framework",
				"${TARGET_BUILD_DIR}/${FRAMEWORKS_FOLDER_PATH}/Blaze.framework",
				"${TARGET_BUILD_DIR}/${FRAMEWORKS_FOLDER_PATH}/DTTJailbreakDetection.framework",
				"${TARGET_BUILD_DIR}/${FRAMEWORKS_FOLDER_PATH}/HockeySDK_Source.framework",
				"${TARGET_BUILD_DIR}/${FRAMEWORKS_FOLDER_PATH}/SVProgressHUD.framework",
			);
			runOnlyForDeploymentPostprocessing = 0;
			shellPath = /bin/sh;
			shellScript = "\"${SRCROOT}/Pods/Target Support Files/Pods-Template/Pods-Template-frameworks.sh\"\n";
			showEnvVarsInLog = 0;
		};
		BAAA1C0D061FBB220BEC0868 /* [CP] Check Pods Manifest.lock */ = {
			isa = PBXShellScriptBuildPhase;
			buildActionMask = 2147483647;
			files = (
			);
			inputPaths = (
				"${PODS_PODFILE_DIR_PATH}/Podfile.lock",
				"${PODS_ROOT}/Manifest.lock",
			);
			name = "[CP] Check Pods Manifest.lock";
			outputPaths = (
				"$(DERIVED_FILE_DIR)/Pods-Template-checkManifestLockResult.txt",
			);
			runOnlyForDeploymentPostprocessing = 0;
			shellPath = /bin/sh;
			shellScript = "diff \"${PODS_PODFILE_DIR_PATH}/Podfile.lock\" \"${PODS_ROOT}/Manifest.lock\" > /dev/null\nif [ $? != 0 ] ; then\n    # print error to STDERR\n    echo \"error: The sandbox is not in sync with the Podfile.lock. Run 'pod install' or update your CocoaPods installation.\" >&2\n    exit 1\nfi\n# This output is used by Xcode 'outputs' to avoid re-running this script phase.\necho \"SUCCESS\" > \"${SCRIPT_OUTPUT_FILE_0}\"\n";
			showEnvVarsInLog = 0;
		};
		C1EEF7370733FBAC80878AEE /* [CP] Copy Pods Resources */ = {
			isa = PBXShellScriptBuildPhase;
			buildActionMask = 2147483647;
			files = (
			);
			inputPaths = (
			);
			name = "[CP] Copy Pods Resources";
			outputPaths = (
			);
			runOnlyForDeploymentPostprocessing = 0;
			shellPath = /bin/sh;
			shellScript = "\"${SRCROOT}/Pods/Target Support Files/Pods-Template/Pods-Template-resources.sh\"\n";
			showEnvVarsInLog = 0;
		};
		ED2E61761C9D79DD000441E4 /* ShellScript */ = {
			isa = PBXShellScriptBuildPhase;
			buildActionMask = 2147483647;
			files = (
			);
			inputPaths = (
			);
			outputPaths = (
			);
			runOnlyForDeploymentPostprocessing = 0;
			shellPath = /bin/sh;
			shellScript = "mogenerator -m Source/Model/Template.xcdatamodeld -O Source/Model --template-var arc=true";
			showEnvVarsInLog = 0;
		};
		EDC7EA0F1DEC30AF0047102C /* Icon Buildnumber */ = {
			isa = PBXShellScriptBuildPhase;
			buildActionMask = 2147483647;
			files = (
			);
			inputPaths = (
			);
			name = "Icon Buildnumber";
			outputPaths = (
			);
			runOnlyForDeploymentPostprocessing = 0;
			shellPath = /bin/sh;
			shellScript = "\"${SRCROOT}/Scripts/IconBuildNumber.sh\"";
		};
/* End PBXShellScriptBuildPhase section */

/* Begin PBXSourcesBuildPhase section */
		ED2E61211C9D7851000441E4 /* Sources */ = {
			isa = PBXSourcesBuildPhase;
			buildActionMask = 2147483647;
			files = (
				ED0919BE1C9D7C8D0078C1AA /* Template.xcdatamodeld in Sources */,
				ED2E61541C9D78DB000441E4 /* APIManager.m in Sources */,
				ED4103021CEDCCC900F0115E /* ErrorHandler.m in Sources */,
				ED3ADE6C1D41059000F1D9E9 /* Timer.m in Sources */,
				ED2E615D1C9D78EA000441E4 /* AppDelegate.m in Sources */,
				EDD4BE8C1CD8CBD6003B28BA /* BaseTableViewController.m in Sources */,
				EDD4BE8F1CD8CBE2003B28BA /* ViewController.m in Sources */,
				ED2E61571C9D78DB000441E4 /* BDGCoreData.m in Sources */,
				ED3BDB001E0C19CF00B230A6 /* User.m in Sources */,
				ED0927931E4482F200A4D2C4 /* BaseViewController.m in Sources */,
				EDB001951E7952A60005AA6B /* BaseFetchedTableViewController.m in Sources */,
				ED2E612A1C9D7851000441E4 /* main.m in Sources */,
				ED2E61551C9D78DB000441E4 /* AppData.m in Sources */,
				ED2E61581C9D78DB000441E4 /* NotificationsManager.m in Sources */,
				ED3BDAFF1E0C19CF00B230A6 /* _User.m in Sources */,
				ED0927841E4478F400A4D2C4 /* UIColor+App.m in Sources */,
				ED2E61561C9D78DB000441E4 /* AppAppearance.m in Sources */,
			);
			runOnlyForDeploymentPostprocessing = 0;
		};
/* End PBXSourcesBuildPhase section */

/* Begin PBXVariantGroup section */
		ED2E61311C9D7851000441E4 /* Main.storyboard */ = {
			isa = PBXVariantGroup;
			children = (
				ED2E61321C9D7851000441E4 /* Base */,
			);
			name = Main.storyboard;
			sourceTree = "<group>";
		};
		ED2E61361C9D7851000441E4 /* Splash.storyboard */ = {
			isa = PBXVariantGroup;
			children = (
				ED2E61371C9D7851000441E4 /* Base */,
			);
			name = Splash.storyboard;
			sourceTree = "<group>";
		};
/* End PBXVariantGroup section */

/* Begin XCBuildConfiguration section */
		ED2E613A1C9D7851000441E4 /* Debug */ = {
			isa = XCBuildConfiguration;
			buildSettings = {
				ALWAYS_SEARCH_USER_PATHS = NO;
				CLANG_CXX_LANGUAGE_STANDARD = "gnu++0x";
				CLANG_CXX_LIBRARY = "libc++";
				CLANG_ENABLE_MODULES = YES;
				CLANG_ENABLE_OBJC_ARC = YES;
				CLANG_WARN_BOOL_CONVERSION = YES;
				CLANG_WARN_CONSTANT_CONVERSION = YES;
				CLANG_WARN_DIRECT_OBJC_ISA_USAGE = YES_ERROR;
				CLANG_WARN_EMPTY_BODY = YES;
				CLANG_WARN_ENUM_CONVERSION = YES;
				CLANG_WARN_INFINITE_RECURSION = YES;
				CLANG_WARN_INT_CONVERSION = YES;
				CLANG_WARN_OBJC_ROOT_CLASS = YES_ERROR;
				CLANG_WARN_SUSPICIOUS_MOVE = YES;
				CLANG_WARN_UNREACHABLE_CODE = YES;
				CLANG_WARN__DUPLICATE_METHOD_MATCH = YES;
				"CODE_SIGN_IDENTITY[sdk=iphoneos*]" = "iPhone Developer";
				COPY_PHASE_STRIP = NO;
				DEBUG_INFORMATION_FORMAT = dwarf;
				ENABLE_STRICT_OBJC_MSGSEND = YES;
				ENABLE_TESTABILITY = YES;
				GCC_C_LANGUAGE_STANDARD = gnu99;
				GCC_DYNAMIC_NO_PIC = NO;
				GCC_NO_COMMON_BLOCKS = YES;
				GCC_OPTIMIZATION_LEVEL = 0;
				GCC_PREPROCESSOR_DEFINITIONS = (
					"DEBUG=1",
					"$(inherited)",
				);
				GCC_WARN_64_TO_32_BIT_CONVERSION = YES;
				GCC_WARN_ABOUT_RETURN_TYPE = YES_ERROR;
				GCC_WARN_UNDECLARED_SELECTOR = YES;
				GCC_WARN_UNINITIALIZED_AUTOS = YES_AGGRESSIVE;
				GCC_WARN_UNUSED_FUNCTION = YES;
				GCC_WARN_UNUSED_VARIABLE = YES;
				IPHONEOS_DEPLOYMENT_TARGET = 9.2;
				MTL_ENABLE_DEBUG_INFO = YES;
				ONLY_ACTIVE_ARCH = YES;
				SDKROOT = iphoneos;
				TARGETED_DEVICE_FAMILY = "1,2";
			};
			name = Debug;
		};
		ED2E613B1C9D7851000441E4 /* Release */ = {
			isa = XCBuildConfiguration;
			buildSettings = {
				ALWAYS_SEARCH_USER_PATHS = NO;
				CLANG_CXX_LANGUAGE_STANDARD = "gnu++0x";
				CLANG_CXX_LIBRARY = "libc++";
				CLANG_ENABLE_MODULES = YES;
				CLANG_ENABLE_OBJC_ARC = YES;
				CLANG_WARN_BOOL_CONVERSION = YES;
				CLANG_WARN_CONSTANT_CONVERSION = YES;
				CLANG_WARN_DIRECT_OBJC_ISA_USAGE = YES_ERROR;
				CLANG_WARN_EMPTY_BODY = YES;
				CLANG_WARN_ENUM_CONVERSION = YES;
				CLANG_WARN_INFINITE_RECURSION = YES;
				CLANG_WARN_INT_CONVERSION = YES;
				CLANG_WARN_OBJC_ROOT_CLASS = YES_ERROR;
				CLANG_WARN_SUSPICIOUS_MOVE = YES;
				CLANG_WARN_UNREACHABLE_CODE = YES;
				CLANG_WARN__DUPLICATE_METHOD_MATCH = YES;
				"CODE_SIGN_IDENTITY[sdk=iphoneos*]" = "iPhone Developer";
				COPY_PHASE_STRIP = NO;
				DEBUG_INFORMATION_FORMAT = "dwarf-with-dsym";
				ENABLE_NS_ASSERTIONS = NO;
				ENABLE_STRICT_OBJC_MSGSEND = YES;
				GCC_C_LANGUAGE_STANDARD = gnu99;
				GCC_NO_COMMON_BLOCKS = YES;
				GCC_WARN_64_TO_32_BIT_CONVERSION = YES;
				GCC_WARN_ABOUT_RETURN_TYPE = YES_ERROR;
				GCC_WARN_UNDECLARED_SELECTOR = YES;
				GCC_WARN_UNINITIALIZED_AUTOS = YES_AGGRESSIVE;
				GCC_WARN_UNUSED_FUNCTION = YES;
				GCC_WARN_UNUSED_VARIABLE = YES;
				IPHONEOS_DEPLOYMENT_TARGET = 9.2;
				MTL_ENABLE_DEBUG_INFO = NO;
				SDKROOT = iphoneos;
				TARGETED_DEVICE_FAMILY = "1,2";
				VALIDATE_PRODUCT = YES;
			};
			name = Release;
		};
		ED2E613D1C9D7851000441E4 /* Debug */ = {
			isa = XCBuildConfiguration;
			baseConfigurationReference = 9FDC0EFCDDA3494102FBF166 /* Pods-Template.debug.xcconfig */;
			buildSettings = {
				ASSETCATALOG_COMPILER_APPICON_NAME = AppIcon;
				CODE_SIGN_IDENTITY = "iPhone Developer";
				DEVELOPMENT_TEAM = "";
				GCC_PREPROCESSOR_DEFINITIONS = (
					"$(inherited)",
					"APPSTORE=0",
				);
				INFOPLIST_FILE = Source/Info.plist;
				IPHONEOS_DEPLOYMENT_TARGET = 9.0;
				LD_RUNPATH_SEARCH_PATHS = "$(inherited) @executable_path/Frameworks";
				PRODUCT_BUNDLE_IDENTIFIER = template.Template;
				PRODUCT_NAME = "$(TARGET_NAME)";
			};
			name = Debug;
		};
		ED2E613E1C9D7851000441E4 /* Release */ = {
			isa = XCBuildConfiguration;
			baseConfigurationReference = 1A3D50DB71DC95641D081AA1 /* Pods-Template.release.xcconfig */;
			buildSettings = {
				ASSETCATALOG_COMPILER_APPICON_NAME = AppIcon;
				CODE_SIGN_IDENTITY = "iPhone Distribution";
				"CODE_SIGN_IDENTITY[sdk=iphoneos*]" = "iPhone Distribution";
				DEVELOPMENT_TEAM = "";
				GCC_PREPROCESSOR_DEFINITIONS = (
					"$(inherited)",
					"APPSTORE=0",
				);
				INFOPLIST_FILE = Source/Info.plist;
				IPHONEOS_DEPLOYMENT_TARGET = 9.0;
				LD_RUNPATH_SEARCH_PATHS = "$(inherited) @executable_path/Frameworks";
				PRODUCT_BUNDLE_IDENTIFIER = template.Template;
				PRODUCT_NAME = "$(TARGET_NAME)";
			};
			name = Release;
		};
		ED2E61741C9D79A1000441E4 /* Debug */ = {
			isa = XCBuildConfiguration;
			buildSettings = {
				PRODUCT_NAME = "$(TARGET_NAME)";
			};
			name = Debug;
		};
		ED2E61751C9D79A1000441E4 /* Release */ = {
			isa = XCBuildConfiguration;
			buildSettings = {
				PRODUCT_NAME = "$(TARGET_NAME)";
			};
			name = Release;
		};
		ED7301DF1CB2AD6C00FA5824 /* AppStore */ = {
			isa = XCBuildConfiguration;
			buildSettings = {
				ALWAYS_SEARCH_USER_PATHS = NO;
				CLANG_CXX_LANGUAGE_STANDARD = "gnu++0x";
				CLANG_CXX_LIBRARY = "libc++";
				CLANG_ENABLE_MODULES = YES;
				CLANG_ENABLE_OBJC_ARC = YES;
				CLANG_WARN_BOOL_CONVERSION = YES;
				CLANG_WARN_CONSTANT_CONVERSION = YES;
				CLANG_WARN_DIRECT_OBJC_ISA_USAGE = YES_ERROR;
				CLANG_WARN_EMPTY_BODY = YES;
				CLANG_WARN_ENUM_CONVERSION = YES;
				CLANG_WARN_INFINITE_RECURSION = YES;
				CLANG_WARN_INT_CONVERSION = YES;
				CLANG_WARN_OBJC_ROOT_CLASS = YES_ERROR;
				CLANG_WARN_SUSPICIOUS_MOVE = YES;
				CLANG_WARN_UNREACHABLE_CODE = YES;
				CLANG_WARN__DUPLICATE_METHOD_MATCH = YES;
				"CODE_SIGN_IDENTITY[sdk=iphoneos*]" = "iPhone Developer";
				COPY_PHASE_STRIP = NO;
				DEBUG_INFORMATION_FORMAT = "dwarf-with-dsym";
				ENABLE_NS_ASSERTIONS = NO;
				ENABLE_STRICT_OBJC_MSGSEND = YES;
				GCC_C_LANGUAGE_STANDARD = gnu99;
				GCC_NO_COMMON_BLOCKS = YES;
				GCC_WARN_64_TO_32_BIT_CONVERSION = YES;
				GCC_WARN_ABOUT_RETURN_TYPE = YES_ERROR;
				GCC_WARN_UNDECLARED_SELECTOR = YES;
				GCC_WARN_UNINITIALIZED_AUTOS = YES_AGGRESSIVE;
				GCC_WARN_UNUSED_FUNCTION = YES;
				GCC_WARN_UNUSED_VARIABLE = YES;
				IPHONEOS_DEPLOYMENT_TARGET = 9.2;
				MTL_ENABLE_DEBUG_INFO = NO;
				SDKROOT = iphoneos;
				TARGETED_DEVICE_FAMILY = "1,2";
				VALIDATE_PRODUCT = YES;
			};
			name = AppStore;
		};
		ED7301E01CB2AD6C00FA5824 /* AppStore */ = {
			isa = XCBuildConfiguration;
			baseConfigurationReference = 3F82845839B5DEC9B032B332 /* Pods-Template.appstore.xcconfig */;
			buildSettings = {
				ASSETCATALOG_COMPILER_APPICON_NAME = AppIcon;
				CODE_SIGN_IDENTITY = "iPhone Distribution";
				"CODE_SIGN_IDENTITY[sdk=iphoneos*]" = "iPhone Distribution";
				DEVELOPMENT_TEAM = "";
				GCC_PREPROCESSOR_DEFINITIONS = (
					"$(inherited)",
					"APPSTORE=1",
				);
				INFOPLIST_FILE = Source/Info.plist;
				IPHONEOS_DEPLOYMENT_TARGET = 9.0;
				LD_RUNPATH_SEARCH_PATHS = "$(inherited) @executable_path/Frameworks";
				PRODUCT_BUNDLE_IDENTIFIER = template.Template;
				PRODUCT_NAME = "$(TARGET_NAME)";
			};
			name = AppStore;
		};
		ED7301E11CB2AD6C00FA5824 /* AppStore */ = {
			isa = XCBuildConfiguration;
			buildSettings = {
				PRODUCT_NAME = "$(TARGET_NAME)";
			};
			name = AppStore;
		};
/* End XCBuildConfiguration section */

/* Begin XCConfigurationList section */
		ED2E61201C9D7851000441E4 /* Build configuration list for PBXProject "Template" */ = {
			isa = XCConfigurationList;
			buildConfigurations = (
				ED2E613A1C9D7851000441E4 /* Debug */,
				ED2E613B1C9D7851000441E4 /* Release */,
				ED7301DF1CB2AD6C00FA5824 /* AppStore */,
			);
			defaultConfigurationIsVisible = 0;
			defaultConfigurationName = Release;
		};
		ED2E613C1C9D7851000441E4 /* Build configuration list for PBXNativeTarget "Template" */ = {
			isa = XCConfigurationList;
			buildConfigurations = (
				ED2E613D1C9D7851000441E4 /* Debug */,
				ED2E613E1C9D7851000441E4 /* Release */,
				ED7301E01CB2AD6C00FA5824 /* AppStore */,
			);
			defaultConfigurationIsVisible = 0;
			defaultConfigurationName = Release;
		};
		ED2E61731C9D79A1000441E4 /* Build configuration list for PBXAggregateTarget "MoGenerator" */ = {
			isa = XCConfigurationList;
			buildConfigurations = (
				ED2E61741C9D79A1000441E4 /* Debug */,
				ED2E61751C9D79A1000441E4 /* Release */,
				ED7301E11CB2AD6C00FA5824 /* AppStore */,
			);
			defaultConfigurationIsVisible = 0;
			defaultConfigurationName = Release;
		};
/* End XCConfigurationList section */

/* Begin XCVersionGroup section */
		ED0919BC1C9D7C8D0078C1AA /* Template.xcdatamodeld */ = {
			isa = XCVersionGroup;
			children = (
				ED0919BD1C9D7C8D0078C1AA /* Template.xcdatamodel */,
			);
			currentVersion = ED0919BD1C9D7C8D0078C1AA /* Template.xcdatamodel */;
			path = Template.xcdatamodeld;
			sourceTree = "<group>";
			versionGroupType = wrapper.xcdatamodel;
		};
/* End XCVersionGroup section */
	};
	rootObject = ED2E611D1C9D7851000441E4 /* Project object */;
}
